packages:
- package: fivetran/zendesk_source
  version: 0.11.2
- package: calogica/dbt_date
  version: 0.10.1
- package: fivetran/fivetran_utils
  version: 0.4.10
- package: dbt-labs/spark_utils
  version: 0.3.0
- package: dbt-labs/dbt_utils
  version: 1.3.0
sha1_hash: beac5898a34ec7823a488d09b51a96e02be5f8b0
